
Microsoft Visual Studio Solution File, Format Version 12.00
# Visual Studio Version 16
VisualStudioVersion = 16.0.32901.82
MinimumVisualStudioVersion = 10.0.40219.1
Project("{FAE04EC0-301F-11D3-BF4B-00C04F79EFBC}") = "Lab7", "Lab7\Lab7.csproj", "{395136DE-D74F-4950-91A4-339DE662DA4B}"
EndProject
Global
	GlobalSection(SolutionConfigurationPlatforms) = preSolution
		Debug|Any CPU = Debug|Any CPU
		Release|Any CPU = Release|Any CPU
	EndGlobalSection
	GlobalSection(ProjectConfigurationPlatforms) = postSolution
		{395136DE-D74F-4950-91A4-339DE662DA4B}.Debug|Any CPU.ActiveCfg = Debug|Any CPU
		{395136DE-D74F-4950-91A4-339DE662DA4B}.Debug|Any CPU.Build.0 = Debug|Any CPU
		{395136DE-D74F-4950-91A4-339DE662DA4B}.Release|Any CPU.ActiveCfg = Release|Any CPU
		{395136DE-D74F-4950-91A4-339DE662DA4B}.Release|Any CPU.Build.0 = Release|Any CPU
	EndGlobalSection
	GlobalSection(SolutionProperties) = preSolution
		HideSolutionNode = FALSE
	EndGlobalSection
	GlobalSection(ExtensibilityGlobals) = postSolution
		SolutionGuid = {5F91E9E9-3D55-4D28-B266-98D314815C78}
	EndGlobalSection
EndGlobal
